
Microsoft Visual Studio Solution File, Format Version 12.00
# Visual Studio 15
VisualStudioVersion = 15.0.26228.9
MinimumVisualStudioVersion = 10.0.40219.1
Project("{FAE04EC0-301F-11D3-BF4B-00C04F79EFBC}") = "IncrementalBuildFx", "IncrementalBuildFx\IncrementalBuildFx.csproj", "{3EC93621-7E4E-495E-9F1A-15264BBDF33E}"
EndProject
Project("{FAE04EC0-301F-11D3-BF4B-00C04F79EFBC}") = "Utility", "Utility\Utility.csproj", "{6837DE33-2055-48B0-90E5-D6B772C32217}"
EndProject
Project("{FAE04EC0-301F-11D3-BF4B-00C04F79EFBC}") = "IncrementalBuildTest", "IncrementalBuildTest\IncrementalBuildTest.csproj", "{ABB8A56F-D57C-41E0-A175-139BAFCC3242}"
EndProject
Global
	GlobalSection(SolutionConfigurationPlatforms) = preSolution
		Debug|Any CPU = Debug|Any CPU
		Release|Any CPU = Release|Any CPU
	EndGlobalSection
	GlobalSection(ProjectConfigurationPlatforms) = postSolution
		{3EC93621-7E4E-495E-9F1A-15264BBDF33E}.Debug|Any CPU.ActiveCfg = Debug|Any CPU
		{3EC93621-7E4E-495E-9F1A-15264BBDF33E}.Debug|Any CPU.Build.0 = Debug|Any CPU
		{3EC93621-7E4E-495E-9F1A-15264BBDF33E}.Release|Any CPU.ActiveCfg = Release|Any CPU
		{3EC93621-7E4E-495E-9F1A-15264BBDF33E}.Release|Any CPU.Build.0 = Release|Any CPU
		{6837DE33-2055-48B0-90E5-D6B772C32217}.Debug|Any CPU.ActiveCfg = Debug|Any CPU
		{6837DE33-2055-48B0-90E5-D6B772C32217}.Debug|Any CPU.Build.0 = Debug|Any CPU
		{6837DE33-2055-48B0-90E5-D6B772C32217}.Release|Any CPU.ActiveCfg = Release|Any CPU
		{6837DE33-2055-48B0-90E5-D6B772C32217}.Release|Any CPU.Build.0 = Release|Any CPU
		{ABB8A56F-D57C-41E0-A175-139BAFCC3242}.Debug|Any CPU.ActiveCfg = Debug|Any CPU
		{ABB8A56F-D57C-41E0-A175-139BAFCC3242}.Debug|Any CPU.Build.0 = Debug|Any CPU
		{ABB8A56F-D57C-41E0-A175-139BAFCC3242}.Release|Any CPU.ActiveCfg = Release|Any CPU
		{ABB8A56F-D57C-41E0-A175-139BAFCC3242}.Release|Any CPU.Build.0 = Release|Any CPU
	EndGlobalSection
	GlobalSection(SolutionProperties) = preSolution
		HideSolutionNode = FALSE
	EndGlobalSection
EndGlobal
